
Microsoft Visual Studio Solution File, Format Version 12.00
# Visual Studio Version 17
VisualStudioVersion = 17.9.34616.47
MinimumVisualStudioVersion = 10.0.40219.1
Project("{9A19103F-16F7-4668-BE54-9A1E7A4F7556}") = "EnigmaRunner", "EnigmaRunner.csproj", "{F955A159-C79E-41C8-9EE1-E36E98297DAF}"
EndProject
Global
	GlobalSection(SolutionConfigurationPlatforms) = preSolution
		Debug|x64 = Debug|x64
		Release|x64 = Release|x64
	EndGlobalSection
	GlobalSection(ProjectConfigurationPlatforms) = postSolution
		{F955A159-C79E-41C8-9EE1-E36E98297DAF}.Debug|x64.ActiveCfg = Debug|x64
		{F955A159-C79E-41C8-9EE1-E36E98297DAF}.Debug|x64.Build.0 = Debug|x64
		{F955A159-C79E-41C8-9EE1-E36E98297DAF}.Release|x64.ActiveCfg = Release|x64
		{F955A159-C79E-41C8-9EE1-E36E98297DAF}.Release|x64.Build.0 = Release|x64
	EndGlobalSection
	GlobalSection(SolutionProperties) = preSolution
		HideSolutionNode = FALSE
	EndGlobalSection
	GlobalSection(ExtensibilityGlobals) = postSolution
		SolutionGuid = {E45C11F3-81FE-463F-B486-EF9A4FD0CAB1}
	EndGlobalSection
EndGlobal
